
Microsoft Visual Studio Solution File, Format Version 12.00
# Visual Studio Version 16
VisualStudioVersion = 16.0.29324.140
MinimumVisualStudioVersion = 10.0.40219.1
Project("{9A19103F-16F7-4668-BE54-9A1E7A4F7556}") = "PDFSplitter", "PDFSplitter\PDFSplitter.csproj", "{7DD268CC-C3E7-407B-82F8-27D044CB654F}"
EndProject
Project("{9A19103F-16F7-4668-BE54-9A1E7A4F7556}") = "PDFSplitter.Core", "PDFSplitter.Core\PDFSplitter.Core.csproj", "{56C665ED-6978-4848-BF25-2F5CF2A8E35A}"
EndProject
Project("{2150E333-8FDC-42A3-9474-1A3956D46DE8}") = "Solution Items", "Solution Items", "{909A3C6B-89B4-4C73-AB39-C6DD7E7B2C4F}"
	ProjectSection(SolutionItems) = preProject
		.gitignore = .gitignore
		README.md = README.md
	EndProjectSection
EndProject
Global
	GlobalSection(SolutionConfigurationPlatforms) = preSolution
		Debug|Any CPU = Debug|Any CPU
		Release|Any CPU = Release|Any CPU
	EndGlobalSection
	GlobalSection(ProjectConfigurationPlatforms) = postSolution
		{7DD268CC-C3E7-407B-82F8-27D044CB654F}.Debug|Any CPU.ActiveCfg = Debug|Any CPU
		{7DD268CC-C3E7-407B-82F8-27D044CB654F}.Debug|Any CPU.Build.0 = Debug|Any CPU
		{7DD268CC-C3E7-407B-82F8-27D044CB654F}.Release|Any CPU.ActiveCfg = Release|Any CPU
		{7DD268CC-C3E7-407B-82F8-27D044CB654F}.Release|Any CPU.Build.0 = Release|Any CPU
		{56C665ED-6978-4848-BF25-2F5CF2A8E35A}.Debug|Any CPU.ActiveCfg = Debug|Any CPU
		{56C665ED-6978-4848-BF25-2F5CF2A8E35A}.Debug|Any CPU.Build.0 = Debug|Any CPU
		{56C665ED-6978-4848-BF25-2F5CF2A8E35A}.Release|Any CPU.ActiveCfg = Release|Any CPU
		{56C665ED-6978-4848-BF25-2F5CF2A8E35A}.Release|Any CPU.Build.0 = Release|Any CPU
	EndGlobalSection
	GlobalSection(SolutionProperties) = preSolution
		HideSolutionNode = FALSE
	EndGlobalSection
	GlobalSection(ExtensibilityGlobals) = postSolution
		SolutionGuid = {FDC5CEB9-95BC-4B84-ADF8-9D6D8D96FD86}
	EndGlobalSection
EndGlobal
